
Microsoft Visual Studio Solution File, Format Version 11.00
# Visual C++ Express 2010
Project("{8BC9CEB8-8B4A-11D0-8D11-00A0C91BC942}") = "Example", "Example\Example.vcxproj", "{16FD6C3C-7830-4942-9A14-9A055E613D69}"
EndProject
Project("{8BC9CEB8-8B4A-11D0-8D11-00A0C91BC942}") = "BMP_Viewer", "BMP_Viewer\BMP_Viewer.vcxproj", "{F5C35F97-15F1-4605-9016-0A4E5B7DE367}"
EndProject
Global
	GlobalSection(SolutionConfigurationPlatforms) = preSolution
		Debug|Win32 = Debug|Win32
		Release|Win32 = Release|Win32
	EndGlobalSection
	GlobalSection(ProjectConfigurationPlatforms) = postSolution
		{16FD6C3C-7830-4942-9A14-9A055E613D69}.Debug|Win32.ActiveCfg = Debug|Win32
		{16FD6C3C-7830-4942-9A14-9A055E613D69}.Debug|Win32.Build.0 = Debug|Win32
		{16FD6C3C-7830-4942-9A14-9A055E613D69}.Release|Win32.ActiveCfg = Release|Win32
		{16FD6C3C-7830-4942-9A14-9A055E613D69}.Release|Win32.Build.0 = Release|Win32
		{F5C35F97-15F1-4605-9016-0A4E5B7DE367}.Debug|Win32.ActiveCfg = Debug|Win32
		{F5C35F97-15F1-4605-9016-0A4E5B7DE367}.Debug|Win32.Build.0 = Debug|Win32
		{F5C35F97-15F1-4605-9016-0A4E5B7DE367}.Release|Win32.ActiveCfg = Release|Win32
		{F5C35F97-15F1-4605-9016-0A4E5B7DE367}.Release|Win32.Build.0 = Release|Win32
	EndGlobalSection
	GlobalSection(SolutionProperties) = preSolution
		HideSolutionNode = FALSE
	EndGlobalSection
EndGlobal
